
Microsoft Visual Studio Solution File, Format Version 12.00
# Visual Studio Version 16
VisualStudioVersion = 16.0.28922.388
MinimumVisualStudioVersion = 10.0.40219.1
Project("{FAE04EC0-301F-11D3-BF4B-00C04F79EFBC}") = "SocketTestingClient", "SocketTestingClient.csproj", "{5EE64C2D-2FD8-4E2C-B54A-198EBD6B2EB4}"
EndProject
Global
	GlobalSection(SolutionConfigurationPlatforms) = preSolution
		Debug|Any CPU = Debug|Any CPU
		Release|Any CPU = Release|Any CPU
	EndGlobalSection
	GlobalSection(ProjectConfigurationPlatforms) = postSolution
		{5EE64C2D-2FD8-4E2C-B54A-198EBD6B2EB4}.Debug|Any CPU.ActiveCfg = Debug|Any CPU
		{5EE64C2D-2FD8-4E2C-B54A-198EBD6B2EB4}.Debug|Any CPU.Build.0 = Debug|Any CPU
		{5EE64C2D-2FD8-4E2C-B54A-198EBD6B2EB4}.Release|Any CPU.ActiveCfg = Release|Any CPU
		{5EE64C2D-2FD8-4E2C-B54A-198EBD6B2EB4}.Release|Any CPU.Build.0 = Release|Any CPU
	EndGlobalSection
	GlobalSection(SolutionProperties) = preSolution
		HideSolutionNode = FALSE
	EndGlobalSection
	GlobalSection(ExtensibilityGlobals) = postSolution
		SolutionGuid = {72E3CC5C-FC4D-41AB-B996-0C004227A347}
	EndGlobalSection
EndGlobal
